// !$*UTF8*$!
{
	archiveVersion = 1;
	classes = {
	};
	objectVersion = 50;
	objects = {

/* Begin PBXBuildFile section */
		5C5ACF2121F870470023780B /* AppDelegate.swift in Sources */ = {isa = PBXBuildFile; fileRef = 5C5ACF2021F870470023780B /* AppDelegate.swift */; };
		5C5ACF2321F870470023780B /* ViewController.swift in Sources */ = {isa = PBXBuildFile; fileRef = 5C5ACF2221F870470023780B /* ViewController.swift */; };
		5C5ACF2621F870470023780B /* Main.storyboard in Resources */ = {isa = PBXBuildFile; fileRef = 5C5ACF2421F870470023780B /* Main.storyboard */; };
		5C5ACF2821F870490023780B /* Assets.xcassets in Resources */ = {isa = PBXBuildFile; fileRef = 5C5ACF2721F870490023780B /* Assets.xcassets */; };
		5C5ACF2B21F870490023780B /* LaunchScreen.storyboard in Resources */ = {isa = PBXBuildFile; fileRef = 5C5ACF2921F870490023780B /* LaunchScreen.storyboard */; };
		5C5ACF3421F872AF0023780B /* CatalogPresenter.swift in Sources */ = {isa = PBXBuildFile; fileRef = 5C5ACF3321F872AF0023780B /* CatalogPresenter.swift */; };
		5C5ACF3621F8738C0023780B /* CatalogViewController.swift in Sources */ = {isa = PBXBuildFile; fileRef = 5C5ACF3521F8738C0023780B /* CatalogViewController.swift */; };
		5C5ACF3821F873E80023780B /* CatalogInteractor.swift in Sources */ = {isa = PBXBuildFile; fileRef = 5C5ACF3721F873E80023780B /* CatalogInteractor.swift */; };
		5C5ACF3A21F877920023780B /* ModuleBuilder.swift in Sources */ = {isa = PBXBuildFile; fileRef = 5C5ACF3921F877920023780B /* ModuleBuilder.swift */; };
		5C5ACF3C21F878360023780B /* CatalogBuilder.swift in Sources */ = {isa = PBXBuildFile; fileRef = 5C5ACF3B21F878360023780B /* CatalogBuilder.swift */; };
/* End PBXBuildFile section */

/* Begin PBXFileReference section */
		5C5ACF1D21F870470023780B /* BuilderPattern.app */ = {isa = PBXFileReference; explicitFileType = wrapper.application; includeInIndex = 0; path = BuilderPattern.app; sourceTree = BUILT_PRODUCTS_DIR; };
		5C5ACF2021F870470023780B /* AppDelegate.swift */ = {isa = PBXFileReference; lastKnownFileType = sourcecode.swift; path = AppDelegate.swift; sourceTree = "<group>"; };
		5C5ACF2221F870470023780B /* ViewController.swift */ = {isa = PBXFileReference; lastKnownFileType = sourcecode.swift; path = ViewController.swift; sourceTree = "<group>"; };
		5C5ACF2521F870470023780B /* Base */ = {isa = PBXFileReference; lastKnownFileType = file.storyboard; name = Base; path = Base.lproj/Main.storyboard; sourceTree = "<group>"; };
		5C5ACF2721F870490023780B /* Assets.xcassets */ = {isa = PBXFileReference; lastKnownFileType = folder.assetcatalog; path = Assets.xcassets; sourceTree = "<group>"; };
		5C5ACF2A21F870490023780B /* Base */ = {isa = PBXFileReference; lastKnownFileType = file.storyboard; name = Base; path = Base.lproj/LaunchScreen.storyboard; sourceTree = "<group>"; };
		5C5ACF2C21F870490023780B /* Info.plist */ = {isa = PBXFileReference; lastKnownFileType = text.plist.xml; path = Info.plist; sourceTree = "<group>"; };
		5C5ACF3321F872AF0023780B /* CatalogPresenter.swift */ = {isa = PBXFileReference; lastKnownFileType = sourcecode.swift; path = CatalogPresenter.swift; sourceTree = "<group>"; };
		5C5ACF3521F8738C0023780B /* CatalogViewController.swift */ = {isa = PBXFileReference; lastKnownFileType = sourcecode.swift; path = CatalogViewController.swift; sourceTree = "<group>"; };
		5C5ACF3721F873E80023780B /* CatalogInteractor.swift */ = {isa = PBXFileReference; lastKnownFileType = sourcecode.swift; path = CatalogInteractor.swift; sourceTree = "<group>"; };
		5C5ACF3921F877920023780B /* ModuleBuilder.swift */ = {isa = PBXFileReference; lastKnownFileType = sourcecode.swift; path = ModuleBuilder.swift; sourceTree = "<group>"; };
		5C5ACF3B21F878360023780B /* CatalogBuilder.swift */ = {isa = PBXFileReference; lastKnownFileType = sourcecode.swift; path = CatalogBuilder.swift; sourceTree = "<group>"; };
/* End PBXFileReference section */

/* Begin PBXFrameworksBuildPhase section */
		5C5ACF1A21F870470023780B /* Frameworks */ = {
			isa = PBXFrameworksBuildPhase;
			buildActionMask = 2147483647;
			files = (
			);
			runOnlyForDeploymentPostprocessing = 0;
		};
/* End PBXFrameworksBuildPhase section */

/* Begin PBXGroup section */
		5C5ACF1421F870470023780B = {
			isa = PBXGroup;
			children = (
				5C5ACF1F21F870470023780B /* BuilderPattern */,
				5C5ACF1E21F870470023780B /* Products */,
			);
			sourceTree = "<group>";
		};
		5C5ACF1E21F870470023780B /* Products */ = {
			isa = PBXGroup;
			children = (
				5C5ACF1D21F870470023780B /* BuilderPattern.app */,
			);
			name = Products;
			sourceTree = "<group>";
		};
		5C5ACF1F21F870470023780B /* BuilderPattern */ = {
			isa = PBXGroup;
			children = (
				5C5ACF3D21F87B670023780B /* Source */,
				5C5ACF2721F870490023780B /* Assets.xcassets */,
				5C5ACF2421F870470023780B /* Main.storyboard */,
				5C5ACF2921F870490023780B /* LaunchScreen.storyboard */,
				5C5ACF2C21F870490023780B /* Info.plist */,
				5C5ACF3221F8725A0023780B /* Catalog */,
			);
			path = BuilderPattern;
			sourceTree = "<group>";
		};
		5C5ACF3221F8725A0023780B /* Catalog */ = {
			isa = PBXGroup;
			children = (
				5C5ACF3B21F878360023780B /* CatalogBuilder.swift */,
				5C5ACF3521F8738C0023780B /* CatalogViewController.swift */,
				5C5ACF3321F872AF0023780B /* CatalogPresenter.swift */,
				5C5ACF3721F873E80023780B /* CatalogInteractor.swift */,
			);
			path = Catalog;
			sourceTree = "<group>";
		};
		5C5ACF3D21F87B670023780B /* Source */ = {
			isa = PBXGroup;
			children = (
				5C5ACF2021F870470023780B /* AppDelegate.swift */,
				5C5ACF3921F877920023780B /* ModuleBuilder.swift */,
				5C5ACF2221F870470023780B /* ViewController.swift */,
			);
			path = Source;
			sourceTree = "<group>";
		};
/* End PBXGroup section */

/* Begin PBXNativeTarget section */
		5C5ACF1C21F870470023780B /* BuilderPattern */ = {
			isa = PBXNativeTarget;
			buildConfigurationList = 5C5ACF2F21F870490023780B /* Build configuration list for PBXNativeTarget "BuilderPattern" */;
			buildPhases = (
				5C5ACF1921F870470023780B /* Sources */,
				5C5ACF1A21F870470023780B /* Frameworks */,
				5C5ACF1B21F870470023780B /* Resources */,
			);
			buildRules = (
			);
			dependencies = (
			);
			name = BuilderPattern;
			productName = BuilderPattern;
			productReference = 5C5ACF1D21F870470023780B /* BuilderPattern.app */;
			productType = "com.apple.product-type.application";
		};
/* End PBXNativeTarget section */

/* Begin PBXProject section */
		5C5ACF1521F870470023780B /* Project object */ = {
			isa = PBXProject;
			attributes = {
				LastSwiftUpdateCheck = 1010;
				LastUpgradeCheck = 1010;
				ORGANIZATIONNAME = "Evgeniy Ryshkov";
				TargetAttributes = {
					5C5ACF1C21F870470023780B = {
						CreatedOnToolsVersion = 10.1;
					};
				};
			};
			buildConfigurationList = 5C5ACF1821F870470023780B /* Build configuration list for PBXProject "BuilderPattern" */;
			compatibilityVersion = "Xcode 9.3";
			developmentRegion = en;
			hasScannedForEncodings = 0;
			knownRegions = (
				en,
				Base,
			);
			mainGroup = 5C5ACF1421F870470023780B;
			productRefGroup = 5C5ACF1E21F870470023780B /* Products */;
			projectDirPath = "";
			projectRoot = "";
			targets = (
				5C5ACF1C21F870470023780B /* BuilderPattern */,
			);
		};
/* End PBXProject section */

/* Begin PBXResourcesBuildPhase section */
		5C5ACF1B21F870470023780B /* Resources */ = {
			isa = PBXResourcesBuildPhase;
			buildActionMask = 2147483647;
			files = (
				5C5ACF2B21F870490023780B /* LaunchScreen.storyboard in Resources */,
				5C5ACF2821F870490023780B /* Assets.xcassets in Resources */,
				5C5ACF2621F870470023780B /* Main.storyboard in Resources */,
			);
			runOnlyForDeploymentPostprocessing = 0;
		};
/* End PBXResourcesBuildPhase section */

/* Begin PBXSourcesBuildPhase section */
		5C5ACF1921F870470023780B /* Sources */ = {
			isa = PBXSourcesBuildPhase;
			buildActionMask = 2147483647;
			files = (
				5C5ACF3621F8738C0023780B /* CatalogViewController.swift in Sources */,
				5C5ACF2321F870470023780B /* ViewController.swift in Sources */,
				5C5ACF2121F870470023780B /* AppDelegate.swift in Sources */,
				5C5ACF3421F872AF0023780B /* CatalogPresenter.swift in Sources */,
				5C5ACF3821F873E80023780B /* CatalogInteractor.swift in Sources */,
				5C5ACF3C21F878360023780B /* CatalogBuilder.swift in Sources */,
				5C5ACF3A21F877920023780B /* ModuleBuilder.swift in Sources */,
			);
			runOnlyForDeploymentPostprocessing = 0;
		};
/* End PBXSourcesBuildPhase section */

/* Begin PBXVariantGroup section */
		5C5ACF2421F870470023780B /* Main.storyboard */ = {
			isa = PBXVariantGroup;
			children = (
				5C5ACF2521F870470023780B /* Base */,
			);
			name = Main.storyboard;
			sourceTree = "<group>";
		};
		5C5ACF2921F870490023780B /* LaunchScreen.storyboard */ = {
			isa = PBXVariantGroup;
			children = (
				5C5ACF2A21F870490023780B /* Base */,
			);
			name = LaunchScreen.storyboard;
			sourceTree = "<group>";
		};
/* End PBXVariantGroup section */

/* Begin XCBuildConfiguration section */
		5C5ACF2D21F870490023780B /* Debug */ = {
			isa = XCBuildConfiguration;
			buildSettings = {
				ALWAYS_SEARCH_USER_PATHS = NO;
				CLANG_ANALYZER_NONNULL = YES;
				CLANG_ANALYZER_NUMBER_OBJECT_CONVERSION = YES_AGGRESSIVE;
				CLANG_CXX_LANGUAGE_STANDARD = "gnu++14";
				CLANG_CXX_LIBRARY = "libc++";
				CLANG_ENABLE_MODULES = YES;
				CLANG_ENABLE_OBJC_ARC = YES;
				CLANG_ENABLE_OBJC_WEAK = YES;
				CLANG_WARN_BLOCK_CAPTURE_AUTORELEASING = YES;
				CLANG_WARN_BOOL_CONVERSION = YES;
				CLANG_WARN_COMMA = YES;
				CLANG_WARN_CONSTANT_CONVERSION = YES;
				CLANG_WARN_DEPRECATED_OBJC_IMPLEMENTATIONS = YES;
				CLANG_WARN_DIRECT_OBJC_ISA_USAGE = YES_ERROR;
				CLANG_WARN_DOCUMENTATION_COMMENTS = YES;
				CLANG_WARN_EMPTY_BODY = YES;
				CLANG_WARN_ENUM_CONVERSION = YES;
				CLANG_WARN_INFINITE_RECURSION = YES;
				CLANG_WARN_INT_CONVERSION = YES;
				CLANG_WARN_NON_LITERAL_NULL_CONVERSION = YES;
				CLANG_WARN_OBJC_IMPLICIT_RETAIN_SELF = YES;
				CLANG_WARN_OBJC_LITERAL_CONVERSION = YES;
				CLANG_WARN_OBJC_ROOT_CLASS = YES_ERROR;
				CLANG_WARN_RANGE_LOOP_ANALYSIS = YES;
				CLANG_WARN_STRICT_PROTOTYPES = YES;
				CLANG_WARN_SUSPICIOUS_MOVE = YES;
				CLANG_WARN_UNGUARDED_AVAILABILITY = YES_AGGRESSIVE;
				CLANG_WARN_UNREACHABLE_CODE = YES;
				CLANG_WARN__DUPLICATE_METHOD_MATCH = YES;
				CODE_SIGN_IDENTITY = "iPhone Developer";
				COPY_PHASE_STRIP = NO;
				DEBUG_INFORMATION_FORMAT = dwarf;
				ENABLE_STRICT_OBJC_MSGSEND = YES;
				ENABLE_TESTABILITY = YES;
				GCC_C_LANGUAGE_STANDARD = gnu11;
				GCC_DYNAMIC_NO_PIC = NO;
				GCC_NO_COMMON_BLOCKS = YES;
				GCC_OPTIMIZATION_LEVEL = 0;
				GCC_PREPROCESSOR_DEFINITIONS = (
					"DEBUG=1",
					"$(inherited)",
				);
				GCC_WARN_64_TO_32_BIT_CONVERSION = YES;
				GCC_WARN_ABOUT_RETURN_TYPE = YES_ERROR;
				GCC_WARN_UNDECLARED_SELECTOR = YES;
				GCC_WARN_UNINITIALIZED_AUTOS = YES_AGGRESSIVE;
				GCC_WARN_UNUSED_FUNCTION = YES;
				GCC_WARN_UNUSED_VARIABLE = YES;
				IPHONEOS_DEPLOYMENT_TARGET = 12.1;
				MTL_ENABLE_DEBUG_INFO = INCLUDE_SOURCE;
				MTL_FAST_MATH = YES;
				ONLY_ACTIVE_ARCH = YES;
				SDKROOT = iphoneos;
				SWIFT_ACTIVE_COMPILATION_CONDITIONS = DEBUG;
				SWIFT_OPTIMIZATION_LEVEL = "-Onone";
			};
			name = Debug;
		};
		5C5ACF2E21F870490023780B /* Release */ = {
			isa = XCBuildConfiguration;
			buildSettings = {
				ALWAYS_SEARCH_USER_PATHS = NO;
				CLANG_ANALYZER_NONNULL = YES;
				CLANG_ANALYZER_NUMBER_OBJECT_CONVERSION = YES_AGGRESSIVE;
				CLANG_CXX_LANGUAGE_STANDARD = "gnu++14";
				CLANG_CXX_LIBRARY = "libc++";
				CLANG_ENABLE_MODULES = YES;
				CLANG_ENABLE_OBJC_ARC = YES;
				CLANG_ENABLE_OBJC_WEAK = YES;
				CLANG_WARN_BLOCK_CAPTURE_AUTORELEASING = YES;
				CLANG_WARN_BOOL_CONVERSION = YES;
				CLANG_WARN_COMMA = YES;
				CLANG_WARN_CONSTANT_CONVERSION = YES;
				CLANG_WARN_DEPRECATED_OBJC_IMPLEMENTATIONS = YES;
				CLANG_WARN_DIRECT_OBJC_ISA_USAGE = YES_ERROR;
				CLANG_WARN_DOCUMENTATION_COMMENTS = YES;
				CLANG_WARN_EMPTY_BODY = YES;
				CLANG_WARN_ENUM_CONVERSION = YES;
				CLANG_WARN_INFINITE_RECURSION = YES;
				CLANG_WARN_INT_CONVERSION = YES;
				CLANG_WARN_NON_LITERAL_NULL_CONVERSION = YES;
				CLANG_WARN_OBJC_IMPLICIT_RETAIN_SELF = YES;
				CLANG_WARN_OBJC_LITERAL_CONVERSION = YES;
				CLANG_WARN_OBJC_ROOT_CLASS = YES_ERROR;
				CLANG_WARN_RANGE_LOOP_ANALYSIS = YES;
				CLANG_WARN_STRICT_PROTOTYPES = YES;
				CLANG_WARN_SUSPICIOUS_MOVE = YES;
				CLANG_WARN_UNGUARDED_AVAILABILITY = YES_AGGRESSIVE;
				CLANG_WARN_UNREACHABLE_CODE = YES;
				CLANG_WARN__DUPLICATE_METHOD_MATCH = YES;
				CODE_SIGN_IDENTITY = "iPhone Developer";
				COPY_PHASE_STRIP = NO;
				DEBUG_INFORMATION_FORMAT = "dwarf-with-dsym";
				ENABLE_NS_ASSERTIONS = NO;
				ENABLE_STRICT_OBJC_MSGSEND = YES;
				GCC_C_LANGUAGE_STANDARD = gnu11;
				GCC_NO_COMMON_BLOCKS = YES;
				GCC_WARN_64_TO_32_BIT_CONVERSION = YES;
				GCC_WARN_ABOUT_RETURN_TYPE = YES_ERROR;
				GCC_WARN_UNDECLARED_SELECTOR = YES;
				GCC_WARN_UNINITIALIZED_AUTOS = YES_AGGRESSIVE;
				GCC_WARN_UNUSED_FUNCTION = YES;
				GCC_WARN_UNUSED_VARIABLE = YES;
				IPHONEOS_DEPLOYMENT_TARGET = 12.1;
				MTL_ENABLE_DEBUG_INFO = NO;
				MTL_FAST_MATH = YES;
				SDKROOT = iphoneos;
				SWIFT_COMPILATION_MODE = wholemodule;
				SWIFT_OPTIMIZATION_LEVEL = "-O";
				VALIDATE_PRODUCT = YES;
			};
			name = Release;
		};
		5C5ACF3021F870490023780B /* Debug */ = {
			isa = XCBuildConfiguration;
			buildSettings = {
				ASSETCATALOG_COMPILER_APPICON_NAME = AppIcon;
				CODE_SIGN_STYLE = Manual;
				DEVELOPMENT_TEAM = Z256VMH9HM;
				INFOPLIST_FILE = BuilderPattern/Info.plist;
				LD_RUNPATH_SEARCH_PATHS = (
					"$(inherited)",
					"@executable_path/Frameworks",
				);
				PRODUCT_BUNDLE_IDENTIFIER = com.dum22ns90.com1004.BuilderPattern;
				PRODUCT_NAME = "$(TARGET_NAME)";
				PROVISIONING_PROFILE_SPECIFIER = 2in1;
				SWIFT_VERSION = 4.2;
				TARGETED_DEVICE_FAMILY = "1,2";
			};
			name = Debug;
		};
		5C5ACF3121F870490023780B /* Release */ = {
			isa = XCBuildConfiguration;
			buildSettings = {
				ASSETCATALOG_COMPILER_APPICON_NAME = AppIcon;
				CODE_SIGN_STYLE = Manual;
				DEVELOPMENT_TEAM = Z256VMH9HM;
				INFOPLIST_FILE = BuilderPattern/Info.plist;
				LD_RUNPATH_SEARCH_PATHS = (
					"$(inherited)",
					"@executable_path/Frameworks",
				);
				PRODUCT_BUNDLE_IDENTIFIER = com.dum22ns90.com1004.BuilderPattern;
				PRODUCT_NAME = "$(TARGET_NAME)";
				PROVISIONING_PROFILE_SPECIFIER = 2in1;
				SWIFT_VERSION = 4.2;
				TARGETED_DEVICE_FAMILY = "1,2";
			};
			name = Release;
		};
/* End XCBuildConfiguration section */

/* Begin XCConfigurationList section */
		5C5ACF1821F870470023780B /* Build configuration list for PBXProject "BuilderPattern" */ = {
			isa = XCConfigurationList;
			buildConfigurations = (
				5C5ACF2D21F870490023780B /* Debug */,
				5C5ACF2E21F870490023780B /* Release */,
			);
			defaultConfigurationIsVisible = 0;
			defaultConfigurationName = Release;
		};
		5C5ACF2F21F870490023780B /* Build configuration list for PBXNativeTarget "BuilderPattern" */ = {
			isa = XCConfigurationList;
			buildConfigurations = (
				5C5ACF3021F870490023780B /* Debug */,
				5C5ACF3121F870490023780B /* Release */,
			);
			defaultConfigurationIsVisible = 0;
			defaultConfigurationName = Release;
		};
/* End XCConfigurationList section */
	};
	rootObject = 5C5ACF1521F870470023780B /* Project object */;
}
